
Microsoft Visual Studio Solution File, Format Version 12.00
# Visual Studio Version 17
VisualStudioVersion = 17.5.002.0
MinimumVisualStudioVersion = 10.0.40219.1
Project("{9A19103F-16F7-4668-BE54-9A1E7A4F7556}") = "mywebapp", "mywebapp.csproj", "{90EA688A-CA7A-45C0-AAEB-A009D9541915}"
EndProject
Global
	GlobalSection(SolutionConfigurationPlatforms) = preSolution
		Debug|Any CPU = Debug|Any CPU
		Release|Any CPU = Release|Any CPU
	EndGlobalSection
	GlobalSection(ProjectConfigurationPlatforms) = postSolution
		{90EA688A-CA7A-45C0-AAEB-A009D9541915}.Debug|Any CPU.ActiveCfg = Debug|Any CPU
		{90EA688A-CA7A-45C0-AAEB-A009D9541915}.Debug|Any CPU.Build.0 = Debug|Any CPU
		{90EA688A-CA7A-45C0-AAEB-A009D9541915}.Release|Any CPU.ActiveCfg = Release|Any CPU
		{90EA688A-CA7A-45C0-AAEB-A009D9541915}.Release|Any CPU.Build.0 = Release|Any CPU
	EndGlobalSection
	GlobalSection(SolutionProperties) = preSolution
		HideSolutionNode = FALSE
	EndGlobalSection
	GlobalSection(ExtensibilityGlobals) = postSolution
		SolutionGuid = {8F90BE25-0ED7-48C4-9522-AD475B7A1B81}
	EndGlobalSection
EndGlobal
